
Microsoft Visual Studio Solution File, Format Version 12.00
# Visual Studio 15
VisualStudioVersion = 15.0.27428.2037
MinimumVisualStudioVersion = 10.0.40219.1
Project("{FAE04EC0-301F-11D3-BF4B-00C04F79EFBC}") = "Inventario.Android", "Inventario\Inventario.Android\Inventario.Android.csproj", "{1CFE00C2-3957-41AC-ABD7-89B92DBFCE00}"
EndProject
Project("{FAE04EC0-301F-11D3-BF4B-00C04F79EFBC}") = "Inventario.iOS", "Inventario\Inventario.iOS\Inventario.iOS.csproj", "{CA982916-F2D3-4142-8142-72E1A1012FCE}"
EndProject
Project("{FAE04EC0-301F-11D3-BF4B-00C04F79EFBC}") = "Inventario.UWP", "Inventario\Inventario.UWP\Inventario.UWP.csproj", "{5FF3DF67-ACC0-4777-9C75-1AF0E02427AD}"
EndProject
Project("{FAE04EC0-301F-11D3-BF4B-00C04F79EFBC}") = "Inventario", "Inventario\Inventario\Inventario.csproj", "{B3D491D1-8B91-47DF-AB44-F666AD8D4527}"
EndProject
Global
	GlobalSection(SolutionConfigurationPlatforms) = preSolution
		Ad-Hoc|Any CPU = Ad-Hoc|Any CPU
		Ad-Hoc|ARM = Ad-Hoc|ARM
		Ad-Hoc|iPhone = Ad-Hoc|iPhone
		Ad-Hoc|iPhoneSimulator = Ad-Hoc|iPhoneSimulator
		Ad-Hoc|x64 = Ad-Hoc|x64
		Ad-Hoc|x86 = Ad-Hoc|x86
		AppStore|Any CPU = AppStore|Any CPU
		AppStore|ARM = AppStore|ARM
		AppStore|iPhone = AppStore|iPhone
		AppStore|iPhoneSimulator = AppStore|iPhoneSimulator
		AppStore|x64 = AppStore|x64
		AppStore|x86 = AppStore|x86
		Debug|Any CPU = Debug|Any CPU
		Debug|ARM = Debug|ARM
		Debug|iPhone = Debug|iPhone
		Debug|iPhoneSimulator = Debug|iPhoneSimulator
		Debug|x64 = Debug|x64
		Debug|x86 = Debug|x86
		Release|Any CPU = Release|Any CPU
		Release|ARM = Release|ARM
		Release|iPhone = Release|iPhone
		Release|iPhoneSimulator = Release|iPhoneSimulator
		Release|x64 = Release|x64
		Release|x86 = Release|x86
	EndGlobalSection
	GlobalSection(ProjectConfigurationPlatforms) = postSolution
		{1CFE00C2-3957-41AC-ABD7-89B92DBFCE00}.Ad-Hoc|Any CPU.ActiveCfg = Release|Any CPU
		{1CFE00C2-3957-41AC-ABD7-89B92DBFCE00}.Ad-Hoc|Any CPU.Build.0 = Release|Any CPU
		{1CFE00C2-3957-41AC-ABD7-89B92DBFCE00}.Ad-Hoc|Any CPU.Deploy.0 = Release|Any CPU
		{1CFE00C2-3957-41AC-ABD7-89B92DBFCE00}.Ad-Hoc|ARM.ActiveCfg = Release|Any CPU
		{1CFE00C2-3957-41AC-ABD7-89B92DBFCE00}.Ad-Hoc|ARM.Build.0 = Release|Any CPU
		{1CFE00C2-3957-41AC-ABD7-89B92DBFCE00}.Ad-Hoc|ARM.Deploy.0 = Release|Any CPU
		{1CFE00C2-3957-41AC-ABD7-89B92DBFCE00}.Ad-Hoc|iPhone.ActiveCfg = Release|Any CPU
		{1CFE00C2-3957-41AC-ABD7-89B92DBFCE00}.Ad-Hoc|iPhone.Build.0 = Release|Any CPU
		{1CFE00C2-3957-41AC-ABD7-89B92DBFCE00}.Ad-Hoc|iPhone.Deploy.0 = Release|Any CPU
		{1CFE00C2-3957-41AC-ABD7-89B92DBFCE00}.Ad-Hoc|iPhoneSimulator.ActiveCfg = Release|Any CPU
		{1CFE00C2-3957-41AC-ABD7-89B92DBFCE00}.Ad-Hoc|iPhoneSimulator.Build.0 = Release|Any CPU
		{1CFE00C2-3957-41AC-ABD7-89B92DBFCE00}.Ad-Hoc|iPhoneSimulator.Deploy.0 = Release|Any CPU
		{1CFE00C2-3957-41AC-ABD7-89B92DBFCE00}.Ad-Hoc|x64.ActiveCfg = Release|Any CPU
		{1CFE00C2-3957-41AC-ABD7-89B92DBFCE00}.Ad-Hoc|x64.Build.0 = Release|Any CPU
		{1CFE00C2-3957-41AC-ABD7-89B92DBFCE00}.Ad-Hoc|x64.Deploy.0 = Release|Any CPU
		{1CFE00C2-3957-41AC-ABD7-89B92DBFCE00}.Ad-Hoc|x86.ActiveCfg = Release|Any CPU
		{1CFE00C2-3957-41AC-ABD7-89B92DBFCE00}.Ad-Hoc|x86.Build.0 = Release|Any CPU
		{1CFE00C2-3957-41AC-ABD7-89B92DBFCE00}.Ad-Hoc|x86.Deploy.0 = Release|Any CPU
		{1CFE00C2-3957-41AC-ABD7-89B92DBFCE00}.AppStore|Any CPU.ActiveCfg = Release|Any CPU
		{1CFE00C2-3957-41AC-ABD7-89B92DBFCE00}.AppStore|Any CPU.Build.0 = Release|Any CPU
		{1CFE00C2-3957-41AC-ABD7-89B92DBFCE00}.AppStore|Any CPU.Deploy.0 = Release|Any CPU
		{1CFE00C2-3957-41AC-ABD7-89B92DBFCE00}.AppStore|ARM.ActiveCfg = Release|Any CPU
		{1CFE00C2-3957-41AC-ABD7-89B92DBFCE00}.AppStore|ARM.Build.0 = Release|Any CPU
		{1CFE00C2-3957-41AC-ABD7-89B92DBFCE00}.AppStore|ARM.Deploy.0 = Release|Any CPU
		{1CFE00C2-3957-41AC-ABD7-89B92DBFCE00}.AppStore|iPhone.ActiveCfg = Release|Any CPU
		{1CFE00C2-3957-41AC-ABD7-89B92DBFCE00}.AppStore|iPhone.Build.0 = Release|Any CPU
		{1CFE00C2-3957-41AC-ABD7-89B92DBFCE00}.AppStore|iPhone.Deploy.0 = Release|Any CPU
		{1CFE00C2-3957-41AC-ABD7-89B92DBFCE00}.AppStore|iPhoneSimulator.ActiveCfg = Release|Any CPU
		{1CFE00C2-3957-41AC-ABD7-89B92DBFCE00}.AppStore|iPhoneSimulator.Build.0 = Release|Any CPU
		{1CFE00C2-3957-41AC-ABD7-89B92DBFCE00}.AppStore|iPhoneSimulator.Deploy.0 = Release|Any CPU
		{1CFE00C2-3957-41AC-ABD7-89B92DBFCE00}.AppStore|x64.ActiveCfg = Release|Any CPU
		{1CFE00C2-3957-41AC-ABD7-89B92DBFCE00}.AppStore|x64.Build.0 = Release|Any CPU
		{1CFE00C2-3957-41AC-ABD7-89B92DBFCE00}.AppStore|x64.Deploy.0 = Release|Any CPU
		{1CFE00C2-3957-41AC-ABD7-89B92DBFCE00}.AppStore|x86.ActiveCfg = Release|Any CPU
		{1CFE00C2-3957-41AC-ABD7-89B92DBFCE00}.AppStore|x86.Build.0 = Release|Any CPU
		{1CFE00C2-3957-41AC-ABD7-89B92DBFCE00}.AppStore|x86.Deploy.0 = Release|Any CPU
		{1CFE00C2-3957-41AC-ABD7-89B92DBFCE00}.Debug|Any CPU.ActiveCfg = Debug|Any CPU
		{1CFE00C2-3957-41AC-ABD7-89B92DBFCE00}.Debug|Any CPU.Build.0 = Debug|Any CPU
		{1CFE00C2-3957-41AC-ABD7-89B92DBFCE00}.Debug|Any CPU.Deploy.0 = Debug|Any CPU
		{1CFE00C2-3957-41AC-ABD7-89B92DBFCE00}.Debug|ARM.ActiveCfg = Debug|Any CPU
		{1CFE00C2-3957-41AC-ABD7-89B92DBFCE00}.Debug|ARM.Build.0 = Debug|Any CPU
		{1CFE00C2-3957-41AC-ABD7-89B92DBFCE00}.Debug|ARM.Deploy.0 = Debug|Any CPU
		{1CFE00C2-3957-41AC-ABD7-89B92DBFCE00}.Debug|iPhone.ActiveCfg = Debug|Any CPU
		{1CFE00C2-3957-41AC-ABD7-89B92DBFCE00}.Debug|iPhone.Build.0 = Debug|Any CPU
		{1CFE00C2-3957-41AC-ABD7-89B92DBFCE00}.Debug|iPhone.Deploy.0 = Debug|Any CPU
		{1CFE00C2-3957-41AC-ABD7-89B92DBFCE00}.Debug|iPhoneSimulator.ActiveCfg = Debug|Any CPU
		{1CFE00C2-3957-41AC-ABD7-89B92DBFCE00}.Debug|iPhoneSimulator.Build.0 = Debug|Any CPU
		{1CFE00C2-3957-41AC-ABD7-89B92DBFCE00}.Debug|iPhoneSimulator.Deploy.0 = Debug|Any CPU
		{1CFE00C2-3957-41AC-ABD7-89B92DBFCE00}.Debug|x64.ActiveCfg = Debug|Any CPU
		{1CFE00C2-3957-41AC-ABD7-89B92DBFCE00}.Debug|x64.Build.0 = Debug|Any CPU
		{1CFE00C2-3957-41AC-ABD7-89B92DBFCE00}.Debug|x64.Deploy.0 = Debug|Any CPU
		{1CFE00C2-3957-41AC-ABD7-89B92DBFCE00}.Debug|x86.ActiveCfg = Debug|Any CPU
		{1CFE00C2-3957-41AC-ABD7-89B92DBFCE00}.Debug|x86.Build.0 = Debug|Any CPU
		{1CFE00C2-3957-41AC-ABD7-89B92DBFCE00}.Debug|x86.Deploy.0 = Debug|Any CPU
		{1CFE00C2-3957-41AC-ABD7-89B92DBFCE00}.Release|Any CPU.ActiveCfg = Release|Any CPU
		{1CFE00C2-3957-41AC-ABD7-89B92DBFCE00}.Release|Any CPU.Build.0 = Release|Any CPU
		{1CFE00C2-3957-41AC-ABD7-89B92DBFCE00}.Release|Any CPU.Deploy.0 = Release|Any CPU
		{1CFE00C2-3957-41AC-ABD7-89B92DBFCE00}.Release|ARM.ActiveCfg = Release|Any CPU
		{1CFE00C2-3957-41AC-ABD7-89B92DBFCE00}.Release|ARM.Build.0 = Release|Any CPU
		{1CFE00C2-3957-41AC-ABD7-89B92DBFCE00}.Release|ARM.Deploy.0 = Release|Any CPU
		{1CFE00C2-3957-41AC-ABD7-89B92DBFCE00}.Release|iPhone.ActiveCfg = Release|Any CPU
		{1CFE00C2-3957-41AC-ABD7-89B92DBFCE00}.Release|iPhone.Build.0 = Release|Any CPU
		{1CFE00C2-3957-41AC-ABD7-89B92DBFCE00}.Release|iPhone.Deploy.0 = Release|Any CPU
		{1CFE00C2-3957-41AC-ABD7-89B92DBFCE00}.Release|iPhoneSimulator.ActiveCfg = Release|Any CPU
		{1CFE00C2-3957-41AC-ABD7-89B92DBFCE00}.Release|iPhoneSimulator.Build.0 = Release|Any CPU
		{1CFE00C2-3957-41AC-ABD7-89B92DBFCE00}.Release|iPhoneSimulator.Deploy.0 = Release|Any CPU
		{1CFE00C2-3957-41AC-ABD7-89B92DBFCE00}.Release|x64.ActiveCfg = Release|Any CPU
		{1CFE00C2-3957-41AC-ABD7-89B92DBFCE00}.Release|x64.Build.0 = Release|Any CPU
		{1CFE00C2-3957-41AC-ABD7-89B92DBFCE00}.Release|x64.Deploy.0 = Release|Any CPU
		{1CFE00C2-3957-41AC-ABD7-89B92DBFCE00}.Release|x86.ActiveCfg = Release|Any CPU
		{1CFE00C2-3957-41AC-ABD7-89B92DBFCE00}.Release|x86.Build.0 = Release|Any CPU
		{1CFE00C2-3957-41AC-ABD7-89B92DBFCE00}.Release|x86.Deploy.0 = Release|Any CPU
		{CA982916-F2D3-4142-8142-72E1A1012FCE}.Ad-Hoc|Any CPU.ActiveCfg = Ad-Hoc|iPhone
		{CA982916-F2D3-4142-8142-72E1A1012FCE}.Ad-Hoc|ARM.ActiveCfg = Ad-Hoc|iPhone
		{CA982916-F2D3-4142-8142-72E1A1012FCE}.Ad-Hoc|iPhone.ActiveCfg = Ad-Hoc|iPhone
		{CA982916-F2D3-4142-8142-72E1A1012FCE}.Ad-Hoc|iPhone.Build.0 = Ad-Hoc|iPhone
		{CA982916-F2D3-4142-8142-72E1A1012FCE}.Ad-Hoc|iPhoneSimulator.ActiveCfg = Ad-Hoc|iPhoneSimulator
		{CA982916-F2D3-4142-8142-72E1A1012FCE}.Ad-Hoc|iPhoneSimulator.Build.0 = Ad-Hoc|iPhoneSimulator
		{CA982916-F2D3-4142-8142-72E1A1012FCE}.Ad-Hoc|x64.ActiveCfg = Ad-Hoc|iPhone
		{CA982916-F2D3-4142-8142-72E1A1012FCE}.Ad-Hoc|x86.ActiveCfg = Ad-Hoc|iPhone
		{CA982916-F2D3-4142-8142-72E1A1012FCE}.AppStore|Any CPU.ActiveCfg = AppStore|iPhone
		{CA982916-F2D3-4142-8142-72E1A1012FCE}.AppStore|ARM.ActiveCfg = AppStore|iPhone
		{CA982916-F2D3-4142-8142-72E1A1012FCE}.AppStore|iPhone.ActiveCfg = AppStore|iPhone
		{CA982916-F2D3-4142-8142-72E1A1012FCE}.AppStore|iPhone.Build.0 = AppStore|iPhone
		{CA982916-F2D3-4142-8142-72E1A1012FCE}.AppStore|iPhoneSimulator.ActiveCfg = AppStore|iPhoneSimulator
		{CA982916-F2D3-4142-8142-72E1A1012FCE}.AppStore|iPhoneSimulator.Build.0 = AppStore|iPhoneSimulator
		{CA982916-F2D3-4142-8142-72E1A1012FCE}.AppStore|x64.ActiveCfg = AppStore|iPhone
		{CA982916-F2D3-4142-8142-72E1A1012FCE}.AppStore|x86.ActiveCfg = AppStore|iPhone
		{CA982916-F2D3-4142-8142-72E1A1012FCE}.Debug|Any CPU.ActiveCfg = Debug|iPhone
		{CA982916-F2D3-4142-8142-72E1A1012FCE}.Debug|ARM.ActiveCfg = Debug|iPhone
		{CA982916-F2D3-4142-8142-72E1A1012FCE}.Debug|iPhone.ActiveCfg = Debug|iPhone
		{CA982916-F2D3-4142-8142-72E1A1012FCE}.Debug|iPhone.Build.0 = Debug|iPhone
		{CA982916-F2D3-4142-8142-72E1A1012FCE}.Debug|iPhoneSimulator.ActiveCfg = Debug|iPhoneSimulator
		{CA982916-F2D3-4142-8142-72E1A1012FCE}.Debug|iPhoneSimulator.Build.0 = Debug|iPhoneSimulator
		{CA982916-F2D3-4142-8142-72E1A1012FCE}.Debug|x64.ActiveCfg = Debug|iPhone
		{CA982916-F2D3-4142-8142-72E1A1012FCE}.Debug|x86.ActiveCfg = Debug|iPhone
		{CA982916-F2D3-4142-8142-72E1A1012FCE}.Release|Any CPU.ActiveCfg = Release|iPhone
		{CA982916-F2D3-4142-8142-72E1A1012FCE}.Release|ARM.ActiveCfg = Release|iPhone
		{CA982916-F2D3-4142-8142-72E1A1012FCE}.Release|iPhone.ActiveCfg = Release|iPhone
		{CA982916-F2D3-4142-8142-72E1A1012FCE}.Release|iPhone.Build.0 = Release|iPhone
		{CA982916-F2D3-4142-8142-72E1A1012FCE}.Release|iPhoneSimulator.ActiveCfg = Release|iPhoneSimulator
		{CA982916-F2D3-4142-8142-72E1A1012FCE}.Release|iPhoneSimulator.Build.0 = Release|iPhoneSimulator
		{CA982916-F2D3-4142-8142-72E1A1012FCE}.Release|x64.ActiveCfg = Release|iPhone
		{CA982916-F2D3-4142-8142-72E1A1012FCE}.Release|x86.ActiveCfg = Release|iPhone
		{5FF3DF67-ACC0-4777-9C75-1AF0E02427AD}.Ad-Hoc|Any CPU.ActiveCfg = Release|x86
		{5FF3DF67-ACC0-4777-9C75-1AF0E02427AD}.Ad-Hoc|Any CPU.Build.0 = Release|x86
		{5FF3DF67-ACC0-4777-9C75-1AF0E02427AD}.Ad-Hoc|Any CPU.Deploy.0 = Release|x86
		{5FF3DF67-ACC0-4777-9C75-1AF0E02427AD}.Ad-Hoc|ARM.ActiveCfg = Release|ARM
		{5FF3DF67-ACC0-4777-9C75-1AF0E02427AD}.Ad-Hoc|ARM.Build.0 = Release|ARM
		{5FF3DF67-ACC0-4777-9C75-1AF0E02427AD}.Ad-Hoc|ARM.Deploy.0 = Release|ARM
		{5FF3DF67-ACC0-4777-9C75-1AF0E02427AD}.Ad-Hoc|iPhone.ActiveCfg = Release|x86
		{5FF3DF67-ACC0-4777-9C75-1AF0E02427AD}.Ad-Hoc|iPhone.Build.0 = Release|x86
		{5FF3DF67-ACC0-4777-9C75-1AF0E02427AD}.Ad-Hoc|iPhone.Deploy.0 = Release|x86
		{5FF3DF67-ACC0-4777-9C75-1AF0E02427AD}.Ad-Hoc|iPhoneSimulator.ActiveCfg = Release|x86
		{5FF3DF67-ACC0-4777-9C75-1AF0E02427AD}.Ad-Hoc|iPhoneSimulator.Build.0 = Release|x86
		{5FF3DF67-ACC0-4777-9C75-1AF0E02427AD}.Ad-Hoc|iPhoneSimulator.Deploy.0 = Release|x86
		{5FF3DF67-ACC0-4777-9C75-1AF0E02427AD}.Ad-Hoc|x64.ActiveCfg = Release|x64
		{5FF3DF67-ACC0-4777-9C75-1AF0E02427AD}.Ad-Hoc|x64.Build.0 = Release|x64
		{5FF3DF67-ACC0-4777-9C75-1AF0E02427AD}.Ad-Hoc|x64.Deploy.0 = Release|x64
		{5FF3DF67-ACC0-4777-9C75-1AF0E02427AD}.Ad-Hoc|x86.ActiveCfg = Release|x86
		{5FF3DF67-ACC0-4777-9C75-1AF0E02427AD}.Ad-Hoc|x86.Build.0 = Release|x86
		{5FF3DF67-ACC0-4777-9C75-1AF0E02427AD}.Ad-Hoc|x86.Deploy.0 = Release|x86
		{5FF3DF67-ACC0-4777-9C75-1AF0E02427AD}.AppStore|Any CPU.ActiveCfg = Release|x86
		{5FF3DF67-ACC0-4777-9C75-1AF0E02427AD}.AppStore|Any CPU.Build.0 = Release|x86
		{5FF3DF67-ACC0-4777-9C75-1AF0E02427AD}.AppStore|Any CPU.Deploy.0 = Release|x86
		{5FF3DF67-ACC0-4777-9C75-1AF0E02427AD}.AppStore|ARM.ActiveCfg = Release|ARM
		{5FF3DF67-ACC0-4777-9C75-1AF0E02427AD}.AppStore|ARM.Build.0 = Release|ARM
		{5FF3DF67-ACC0-4777-9C75-1AF0E02427AD}.AppStore|ARM.Deploy.0 = Release|ARM
		{5FF3DF67-ACC0-4777-9C75-1AF0E02427AD}.AppStore|iPhone.ActiveCfg = Release|x86
		{5FF3DF67-ACC0-4777-9C75-1AF0E02427AD}.AppStore|iPhone.Build.0 = Release|x86
		{5FF3DF67-ACC0-4777-9C75-1AF0E02427AD}.AppStore|iPhone.Deploy.0 = Release|x86
		{5FF3DF67-ACC0-4777-9C75-1AF0E02427AD}.AppStore|iPhoneSimulator.ActiveCfg = Release|x86
		{5FF3DF67-ACC0-4777-9C75-1AF0E02427AD}.AppStore|iPhoneSimulator.Build.0 = Release|x86
		{5FF3DF67-ACC0-4777-9C75-1AF0E02427AD}.AppStore|iPhoneSimulator.Deploy.0 = Release|x86
		{5FF3DF67-ACC0-4777-9C75-1AF0E02427AD}.AppStore|x64.ActiveCfg = Release|x64
		{5FF3DF67-ACC0-4777-9C75-1AF0E02427AD}.AppStore|x64.Build.0 = Release|x64
		{5FF3DF67-ACC0-4777-9C75-1AF0E02427AD}.AppStore|x64.Deploy.0 = Release|x64
		{5FF3DF67-ACC0-4777-9C75-1AF0E02427AD}.AppStore|x86.ActiveCfg = Release|x86
		{5FF3DF67-ACC0-4777-9C75-1AF0E02427AD}.AppStore|x86.Build.0 = Release|x86
		{5FF3DF67-ACC0-4777-9C75-1AF0E02427AD}.AppStore|x86.Deploy.0 = Release|x86
		{5FF3DF67-ACC0-4777-9C75-1AF0E02427AD}.Debug|Any CPU.ActiveCfg = Debug|x86
		{5FF3DF67-ACC0-4777-9C75-1AF0E02427AD}.Debug|ARM.ActiveCfg = Debug|ARM
		{5FF3DF67-ACC0-4777-9C75-1AF0E02427AD}.Debug|ARM.Build.0 = Debug|ARM
		{5FF3DF67-ACC0-4777-9C75-1AF0E02427AD}.Debug|ARM.Deploy.0 = Debug|ARM
		{5FF3DF67-ACC0-4777-9C75-1AF0E02427AD}.Debug|iPhone.ActiveCfg = Debug|x86
		{5FF3DF67-ACC0-4777-9C75-1AF0E02427AD}.Debug|iPhoneSimulator.ActiveCfg = Debug|x86
		{5FF3DF67-ACC0-4777-9C75-1AF0E02427AD}.Debug|x64.ActiveCfg = Debug|x64
		{5FF3DF67-ACC0-4777-9C75-1AF0E02427AD}.Debug|x64.Build.0 = Debug|x64
		{5FF3DF67-ACC0-4777-9C75-1AF0E02427AD}.Debug|x64.Deploy.0 = Debug|x64
		{5FF3DF67-ACC0-4777-9C75-1AF0E02427AD}.Debug|x86.ActiveCfg = Debug|x86
		{5FF3DF67-ACC0-4777-9C75-1AF0E02427AD}.Debug|x86.Build.0 = Debug|x86
		{5FF3DF67-ACC0-4777-9C75-1AF0E02427AD}.Debug|x86.Deploy.0 = Debug|x86
		{5FF3DF67-ACC0-4777-9C75-1AF0E02427AD}.Release|Any CPU.ActiveCfg = Release|x86
		{5FF3DF67-ACC0-4777-9C75-1AF0E02427AD}.Release|ARM.ActiveCfg = Release|ARM
		{5FF3DF67-ACC0-4777-9C75-1AF0E02427AD}.Release|ARM.Build.0 = Release|ARM
		{5FF3DF67-ACC0-4777-9C75-1AF0E02427AD}.Release|ARM.Deploy.0 = Release|ARM
		{5FF3DF67-ACC0-4777-9C75-1AF0E02427AD}.Release|iPhone.ActiveCfg = Release|x86
		{5FF3DF67-ACC0-4777-9C75-1AF0E02427AD}.Release|iPhoneSimulator.ActiveCfg = Release|x86
		{5FF3DF67-ACC0-4777-9C75-1AF0E02427AD}.Release|x64.ActiveCfg = Release|x64
		{5FF3DF67-ACC0-4777-9C75-1AF0E02427AD}.Release|x64.Build.0 = Release|x64
		{5FF3DF67-ACC0-4777-9C75-1AF0E02427AD}.Release|x64.Deploy.0 = Release|x64
		{5FF3DF67-ACC0-4777-9C75-1AF0E02427AD}.Release|x86.ActiveCfg = Release|x86
		{5FF3DF67-ACC0-4777-9C75-1AF0E02427AD}.Release|x86.Build.0 = Release|x86
		{5FF3DF67-ACC0-4777-9C75-1AF0E02427AD}.Release|x86.Deploy.0 = Release|x86
		{B3D491D1-8B91-47DF-AB44-F666AD8D4527}.Ad-Hoc|Any CPU.ActiveCfg = Debug|Any CPU
		{B3D491D1-8B91-47DF-AB44-F666AD8D4527}.Ad-Hoc|Any CPU.Build.0 = Debug|Any CPU
		{B3D491D1-8B91-47DF-AB44-F666AD8D4527}.Ad-Hoc|ARM.ActiveCfg = Debug|Any CPU
		{B3D491D1-8B91-47DF-AB44-F666AD8D4527}.Ad-Hoc|ARM.Build.0 = Debug|Any CPU
		{B3D491D1-8B91-47DF-AB44-F666AD8D4527}.Ad-Hoc|iPhone.ActiveCfg = Debug|Any CPU
		{B3D491D1-8B91-47DF-AB44-F666AD8D4527}.Ad-Hoc|iPhone.Build.0 = Debug|Any CPU
		{B3D491D1-8B91-47DF-AB44-F666AD8D4527}.Ad-Hoc|iPhoneSimulator.ActiveCfg = Debug|Any CPU
		{B3D491D1-8B91-47DF-AB44-F666AD8D4527}.Ad-Hoc|iPhoneSimulator.Build.0 = Debug|Any CPU
		{B3D491D1-8B91-47DF-AB44-F666AD8D4527}.Ad-Hoc|x64.ActiveCfg = Debug|Any CPU
		{B3D491D1-8B91-47DF-AB44-F666AD8D4527}.Ad-Hoc|x64.Build.0 = Debug|Any CPU
		{B3D491D1-8B91-47DF-AB44-F666AD8D4527}.Ad-Hoc|x86.ActiveCfg = Debug|Any CPU
		{B3D491D1-8B91-47DF-AB44-F666AD8D4527}.Ad-Hoc|x86.Build.0 = Debug|Any CPU
		{B3D491D1-8B91-47DF-AB44-F666AD8D4527}.AppStore|Any CPU.ActiveCfg = Debug|Any CPU
		{B3D491D1-8B91-47DF-AB44-F666AD8D4527}.AppStore|Any CPU.Build.0 = Debug|Any CPU
		{B3D491D1-8B91-47DF-AB44-F666AD8D4527}.AppStore|ARM.ActiveCfg = Debug|Any CPU
		{B3D491D1-8B91-47DF-AB44-F666AD8D4527}.AppStore|ARM.Build.0 = Debug|Any CPU
		{B3D491D1-8B91-47DF-AB44-F666AD8D4527}.AppStore|iPhone.ActiveCfg = Debug|Any CPU
		{B3D491D1-8B91-47DF-AB44-F666AD8D4527}.AppStore|iPhone.Build.0 = Debug|Any CPU
		{B3D491D1-8B91-47DF-AB44-F666AD8D4527}.AppStore|iPhoneSimulator.ActiveCfg = Debug|Any CPU
		{B3D491D1-8B91-47DF-AB44-F666AD8D4527}.AppStore|iPhoneSimulator.Build.0 = Debug|Any CPU
		{B3D491D1-8B91-47DF-AB44-F666AD8D4527}.AppStore|x64.ActiveCfg = Debug|Any CPU
		{B3D491D1-8B91-47DF-AB44-F666AD8D4527}.AppStore|x64.Build.0 = Debug|Any CPU
		{B3D491D1-8B91-47DF-AB44-F666AD8D4527}.AppStore|x86.ActiveCfg = Debug|Any CPU
		{B3D491D1-8B91-47DF-AB44-F666AD8D4527}.AppStore|x86.Build.0 = Debug|Any CPU
		{B3D491D1-8B91-47DF-AB44-F666AD8D4527}.Debug|Any CPU.ActiveCfg = Debug|Any CPU
		{B3D491D1-8B91-47DF-AB44-F666AD8D4527}.Debug|Any CPU.Build.0 = Debug|Any CPU
		{B3D491D1-8B91-47DF-AB44-F666AD8D4527}.Debug|ARM.ActiveCfg = Debug|Any CPU
		{B3D491D1-8B91-47DF-AB44-F666AD8D4527}.Debug|ARM.Build.0 = Debug|Any CPU
		{B3D491D1-8B91-47DF-AB44-F666AD8D4527}.Debug|iPhone.ActiveCfg = Debug|Any CPU
		{B3D491D1-8B91-47DF-AB44-F666AD8D4527}.Debug|iPhone.Build.0 = Debug|Any CPU
		{B3D491D1-8B91-47DF-AB44-F666AD8D4527}.Debug|iPhoneSimulator.ActiveCfg = Debug|Any CPU
		{B3D491D1-8B91-47DF-AB44-F666AD8D4527}.Debug|iPhoneSimulator.Build.0 = Debug|Any CPU
		{B3D491D1-8B91-47DF-AB44-F666AD8D4527}.Debug|x64.ActiveCfg = Debug|Any CPU
		{B3D491D1-8B91-47DF-AB44-F666AD8D4527}.Debug|x64.Build.0 = Debug|Any CPU
		{B3D491D1-8B91-47DF-AB44-F666AD8D4527}.Debug|x86.ActiveCfg = Debug|Any CPU
		{B3D491D1-8B91-47DF-AB44-F666AD8D4527}.Debug|x86.Build.0 = Debug|Any CPU
		{B3D491D1-8B91-47DF-AB44-F666AD8D4527}.Release|Any CPU.ActiveCfg = Release|Any CPU
		{B3D491D1-8B91-47DF-AB44-F666AD8D4527}.Release|Any CPU.Build.0 = Release|Any CPU
		{B3D491D1-8B91-47DF-AB44-F666AD8D4527}.Release|ARM.ActiveCfg = Release|Any CPU
		{B3D491D1-8B91-47DF-AB44-F666AD8D4527}.Release|ARM.Build.0 = Release|Any CPU
		{B3D491D1-8B91-47DF-AB44-F666AD8D4527}.Release|iPhone.ActiveCfg = Release|Any CPU
		{B3D491D1-8B91-47DF-AB44-F666AD8D4527}.Release|iPhone.Build.0 = Release|Any CPU
		{B3D491D1-8B91-47DF-AB44-F666AD8D4527}.Release|iPhoneSimulator.ActiveCfg = Release|Any CPU
		{B3D491D1-8B91-47DF-AB44-F666AD8D4527}.Release|iPhoneSimulator.Build.0 = Release|Any CPU
		{B3D491D1-8B91-47DF-AB44-F666AD8D4527}.Release|x64.ActiveCfg = Release|Any CPU
		{B3D491D1-8B91-47DF-AB44-F666AD8D4527}.Release|x64.Build.0 = Release|Any CPU
		{B3D491D1-8B91-47DF-AB44-F666AD8D4527}.Release|x86.ActiveCfg = Release|Any CPU
		{B3D491D1-8B91-47DF-AB44-F666AD8D4527}.Release|x86.Build.0 = Release|Any CPU
	EndGlobalSection
	GlobalSection(SolutionProperties) = preSolution
		HideSolutionNode = FALSE
	EndGlobalSection
	GlobalSection(ExtensibilityGlobals) = postSolution
		SolutionGuid = {EAEEB603-E86F-43D6-B9F6-C68F4E8C7A60}
	EndGlobalSection
EndGlobal
